{
  "name": "clustering",
  "version": "1.0.0",
  "lockfileVersion": 3,
  "requires": true,
  "packages": {
    "": {
      "name": "clustering",
      "version": "1.0.0",
      "license": "ISC",
      "dependencies": {
        "leelajs": "^1.0.0"
      }
    },
    "node_modules/leelajs": {
      "version": "1.0.0",
      "resolved": "https://registry.npmjs.org/leelajs/-/leelajs-1.0.0.tgz",
      "integrity": "sha512-Wcf9JPf+8ur7DIjF5rLh7Y/EgnKfo5VtC1SVaaNYxzs/AV+5gkgmrLSrz9h4M4A4WPRt1z2G54h8f2cPMqstQw==",
      "license": "MIT"
    }
  }
}
